
Microsoft Visual Studio Solution File, Format Version 12.00
# Visual Studio 15
VisualStudioVersion = 15.0.28307.645
MinimumVisualStudioVersion = 10.0.40219.1
Project("{FAE04EC0-301F-11D3-BF4B-00C04F79EFBC}") = "WindowsFormsApp3", "WindowsFormsApp3\WindowsFormsApp3.csproj", "{CF5C6581-644F-48F5-B0A7-A928F262B9B6}"
EndProject
Global
	GlobalSection(SolutionConfigurationPlatforms) = preSolution
		Debug|Any CPU = Debug|Any CPU
		Release|Any CPU = Release|Any CPU
	EndGlobalSection
	GlobalSection(ProjectConfigurationPlatforms) = postSolution
		{CF5C6581-644F-48F5-B0A7-A928F262B9B6}.Debug|Any CPU.ActiveCfg = Debug|Any CPU
		{CF5C6581-644F-48F5-B0A7-A928F262B9B6}.Debug|Any CPU.Build.0 = Debug|Any CPU
		{CF5C6581-644F-48F5-B0A7-A928F262B9B6}.Release|Any CPU.ActiveCfg = Release|Any CPU
		{CF5C6581-644F-48F5-B0A7-A928F262B9B6}.Release|Any CPU.Build.0 = Release|Any CPU
	EndGlobalSection
	GlobalSection(SolutionProperties) = preSolution
		HideSolutionNode = FALSE
	EndGlobalSection
	GlobalSection(ExtensibilityGlobals) = postSolution
		SolutionGuid = {73652244-C5F3-47D6-8CF1-F75262A58EE7}
	EndGlobalSection
EndGlobal
